{
  "name": "fng-jq-upload",
  "version": "0.7.0",
  "dependencies": {
    "bson": {
      "version": "0.4.23",
      "from": "bson@>=0.4.6 <0.5.0",
      "resolved": "https://registry.npmjs.org/bson/-/bson-0.4.23.tgz"
    },
    "core-util-is": {
      "version": "1.0.2",
      "from": "core-util-is@>=1.0.0 <1.1.0",
      "resolved": "https://registry.npmjs.org/core-util-is/-/core-util-is-1.0.2.tgz"
    },
    "flushwritable": {
      "version": "1.0.0",
      "from": "flushwritable@>=1.0.0 <2.0.0",
      "resolved": "https://registry.npmjs.org/flushwritable/-/flushwritable-1.0.0.tgz"
    },
    "formidable": {
      "version": "1.0.17",
      "from": "formidable@1.0.17",
      "resolved": "https://registry.npmjs.org/formidable/-/formidable-1.0.17.tgz"
    },
    "gridform": {
      "version": "0.1.7",
      "from": "git://github.com/mchapman/gridform.git#0ceeba957ac3899f6ee3f78a8341ab13d757a7c8",
      "resolved": "git://github.com/mchapman/gridform.git#0ceeba957ac3899f6ee3f78a8341ab13d757a7c8",
      "dependencies": {
        "gridfs-stream": {
          "version": "0.5.0",
          "from": "gridfs-stream@0.5.0",
          "resolved": "https://registry.npmjs.org/gridfs-stream/-/gridfs-stream-0.5.0.tgz"
        }
      }
    },
    "gridfs-stream": {
      "version": "1.1.1",
      "from": "gridfs-stream@>=1.1.0 <2.0.0",
      "resolved": "https://registry.npmjs.org/gridfs-stream/-/gridfs-stream-1.1.1.tgz"
    },
    "imagemagick-stream": {
      "version": "2.0.0",
      "from": "imagemagick-stream@>=2.0.0 <3.0.0",
      "resolved": "https://registry.npmjs.org/imagemagick-stream/-/imagemagick-stream-2.0.0.tgz"
    },
    "inherits": {
      "version": "2.0.1",
      "from": "inherits@>=2.0.1 <2.1.0",
      "resolved": "https://registry.npmjs.org/inherits/-/inherits-2.0.1.tgz"
    },
    "isarray": {
      "version": "0.0.1",
      "from": "isarray@0.0.1",
      "resolved": "https://registry.npmjs.org/isarray/-/isarray-0.0.1.tgz"
    },
    "readable-stream": {
      "version": "1.0.34",
      "from": "readable-stream@>=1.0.26-2 <1.1.0",
      "resolved": "https://registry.npmjs.org/readable-stream/-/readable-stream-1.0.34.tgz"
    },
    "reduplexer": {
      "version": "0.0.2",
      "from": "reduplexer@0.0.2",
      "resolved": "https://registry.npmjs.org/reduplexer/-/reduplexer-0.0.2.tgz"
    },
    "string_decoder": {
      "version": "0.10.31",
      "from": "string_decoder@>=0.10.0 <0.11.0",
      "resolved": "https://registry.npmjs.org/string_decoder/-/string_decoder-0.10.31.tgz"
    }
  }
}
